
Microsoft Visual Studio Solution File, Format Version 12.00
# Visual Studio Version 17
VisualStudioVersion = 17.0.31903.59
MinimumVisualStudioVersion = 10.0.40219.1
Project("{2150E333-8FDC-42A3-9474-1A3956D46DE8}") = "src", "src", "{B0A13F76-C208-4F29-AFE9-DC8331062814}"
EndProject
Project("{FAE04EC0-301F-11D3-BF4B-00C04F79EFBC}") = "Domain", "Domain\Domain.csproj", "{E592CD2D-4C4D-40D2-8BB5-8FE1C905CE1F}"
EndProject
Project("{FAE04EC0-301F-11D3-BF4B-00C04F79EFBC}") = "Application", "Application\Application.csproj", "{0D4EA555-04AE-4E40-984D-BFFDBE468CD0}"
EndProject
Project("{FAE04EC0-301F-11D3-BF4B-00C04F79EFBC}") = "Infrastructure", "Infrastructure\Infrastructure.csproj", "{51532F9C-E6B3-4C0F-9695-FF43293DEF17}"
EndProject
Project("{FAE04EC0-301F-11D3-BF4B-00C04F79EFBC}") = "Presentation", "Presentation\Presentation.csproj", "{6EC8FB79-F4E6-43B4-B3DD-563E05E14DDE}"
EndProject
Project("{FAE04EC0-301F-11D3-BF4B-00C04F79EFBC}") = "WebApi", "WebApi\WebApi.csproj", "{CC138B06-663B-417E-A1A1-E81D4ECF087A}"
EndProject
Global
	GlobalSection(SolutionConfigurationPlatforms) = preSolution
		Debug|Any CPU = Debug|Any CPU
		Release|Any CPU = Release|Any CPU
	EndGlobalSection
	GlobalSection(ProjectConfigurationPlatforms) = postSolution
		{E592CD2D-4C4D-40D2-8BB5-8FE1C905CE1F}.Debug|Any CPU.ActiveCfg = Debug|Any CPU
		{E592CD2D-4C4D-40D2-8BB5-8FE1C905CE1F}.Debug|Any CPU.Build.0 = Debug|Any CPU
		{E592CD2D-4C4D-40D2-8BB5-8FE1C905CE1F}.Release|Any CPU.ActiveCfg = Release|Any CPU
		{E592CD2D-4C4D-40D2-8BB5-8FE1C905CE1F}.Release|Any CPU.Build.0 = Release|Any CPU
		{0D4EA555-04AE-4E40-984D-BFFDBE468CD0}.Debug|Any CPU.ActiveCfg = Debug|Any CPU
		{0D4EA555-04AE-4E40-984D-BFFDBE468CD0}.Debug|Any CPU.Build.0 = Debug|Any CPU
		{0D4EA555-04AE-4E40-984D-BFFDBE468CD0}.Release|Any CPU.ActiveCfg = Release|Any CPU
		{0D4EA555-04AE-4E40-984D-BFFDBE468CD0}.Release|Any CPU.Build.0 = Release|Any CPU
		{51532F9C-E6B3-4C0F-9695-FF43293DEF17}.Debug|Any CPU.ActiveCfg = Debug|Any CPU
		{51532F9C-E6B3-4C0F-9695-FF43293DEF17}.Debug|Any CPU.Build.0 = Debug|Any CPU
		{51532F9C-E6B3-4C0F-9695-FF43293DEF17}.Release|Any CPU.ActiveCfg = Release|Any CPU
		{51532F9C-E6B3-4C0F-9695-FF43293DEF17}.Release|Any CPU.Build.0 = Release|Any CPU
		{6EC8FB79-F4E6-43B4-B3DD-563E05E14DDE}.Debug|Any CPU.ActiveCfg = Debug|Any CPU
		{6EC8FB79-F4E6-43B4-B3DD-563E05E14DDE}.Debug|Any CPU.Build.0 = Debug|Any CPU
		{6EC8FB79-F4E6-43B4-B3DD-563E05E14DDE}.Release|Any CPU.ActiveCfg = Release|Any CPU
		{6EC8FB79-F4E6-43B4-B3DD-563E05E14DDE}.Release|Any CPU.Build.0 = Release|Any CPU
		{CC138B06-663B-417E-A1A1-E81D4ECF087A}.Debug|Any CPU.ActiveCfg = Debug|Any CPU
		{CC138B06-663B-417E-A1A1-E81D4ECF087A}.Debug|Any CPU.Build.0 = Debug|Any CPU
		{CC138B06-663B-417E-A1A1-E81D4ECF087A}.Release|Any CPU.ActiveCfg = Release|Any CPU
		{CC138B06-663B-417E-A1A1-E81D4ECF087A}.Release|Any CPU.Build.0 = Release|Any CPU
	EndGlobalSection
	GlobalSection(SolutionProperties) = preSolution
		HideSolutionNode = FALSE
	EndGlobalSection
	GlobalSection(NestedProjects) = preSolution
		{E592CD2D-4C4D-40D2-8BB5-8FE1C905CE1F} = {B0A13F76-C208-4F29-AFE9-DC8331062814}
		{0D4EA555-04AE-4E40-984D-BFFDBE468CD0} = {B0A13F76-C208-4F29-AFE9-DC8331062814}
		{51532F9C-E6B3-4C0F-9695-FF43293DEF17} = {B0A13F76-C208-4F29-AFE9-DC8331062814}
		{6EC8FB79-F4E6-43B4-B3DD-563E05E14DDE} = {B0A13F76-C208-4F29-AFE9-DC8331062814}
		{CC138B06-663B-417E-A1A1-E81D4ECF087A} = {B0A13F76-C208-4F29-AFE9-DC8331062814}
	EndGlobalSection
	GlobalSection(ExtensibilityGlobals) = postSolution
		SolutionGuid = {CE4BD1CB-4687-48AB-9267-424C28D201D1}
	EndGlobalSection
EndGlobal
